
Microsoft Visual Studio Solution File, Format Version 12.00
# Visual Studio Version 16
VisualStudioVersion = 16.0.30309.148
MinimumVisualStudioVersion = 10.0.40219.1
Project("{FAE04EC0-301F-11D3-BF4B-00C04F79EFBC}") = "PDGMathPhysicsEquations", "PDGMathPhysicsEquations\PDGMathPhysicsEquations.csproj", "{B36F4C0D-55F8-4435-A243-D78BF985D025}"
EndProject
Project("{FAE04EC0-301F-11D3-BF4B-00C04F79EFBC}") = "UnitTestIntegralProject", "UnitTestIntegralProject\UnitTestIntegralProject.csproj", "{0A349BA5-A0E1-4D40-ABFD-0A0B8C754417}"
EndProject
Project("{FAE04EC0-301F-11D3-BF4B-00C04F79EFBC}") = "MathPhysicsEq", "MathPhysicsEq\MathPhysicsEq.csproj", "{5E0DB975-E0FB-4501-970C-73B04FF5CA55}"
EndProject
Project("{FAE04EC0-301F-11D3-BF4B-00C04F79EFBC}") = "WinWaveEquation", "WinWaveEquation\WinWaveEquation.csproj", "{7245B5F3-7F1D-4661-9EF9-E9D9A0A871DE}"
EndProject
Global
	GlobalSection(SolutionConfigurationPlatforms) = preSolution
		Debug|Any CPU = Debug|Any CPU
		Release|Any CPU = Release|Any CPU
	EndGlobalSection
	GlobalSection(ProjectConfigurationPlatforms) = postSolution
		{B36F4C0D-55F8-4435-A243-D78BF985D025}.Debug|Any CPU.ActiveCfg = Debug|Any CPU
		{B36F4C0D-55F8-4435-A243-D78BF985D025}.Debug|Any CPU.Build.0 = Debug|Any CPU
		{B36F4C0D-55F8-4435-A243-D78BF985D025}.Release|Any CPU.ActiveCfg = Release|Any CPU
		{B36F4C0D-55F8-4435-A243-D78BF985D025}.Release|Any CPU.Build.0 = Release|Any CPU
		{0A349BA5-A0E1-4D40-ABFD-0A0B8C754417}.Debug|Any CPU.ActiveCfg = Debug|Any CPU
		{0A349BA5-A0E1-4D40-ABFD-0A0B8C754417}.Debug|Any CPU.Build.0 = Debug|Any CPU
		{0A349BA5-A0E1-4D40-ABFD-0A0B8C754417}.Release|Any CPU.ActiveCfg = Release|Any CPU
		{0A349BA5-A0E1-4D40-ABFD-0A0B8C754417}.Release|Any CPU.Build.0 = Release|Any CPU
		{5E0DB975-E0FB-4501-970C-73B04FF5CA55}.Debug|Any CPU.ActiveCfg = Debug|Any CPU
		{5E0DB975-E0FB-4501-970C-73B04FF5CA55}.Debug|Any CPU.Build.0 = Debug|Any CPU
		{5E0DB975-E0FB-4501-970C-73B04FF5CA55}.Release|Any CPU.ActiveCfg = Release|Any CPU
		{5E0DB975-E0FB-4501-970C-73B04FF5CA55}.Release|Any CPU.Build.0 = Release|Any CPU
		{7245B5F3-7F1D-4661-9EF9-E9D9A0A871DE}.Debug|Any CPU.ActiveCfg = Debug|Any CPU
		{7245B5F3-7F1D-4661-9EF9-E9D9A0A871DE}.Debug|Any CPU.Build.0 = Debug|Any CPU
		{7245B5F3-7F1D-4661-9EF9-E9D9A0A871DE}.Release|Any CPU.ActiveCfg = Release|Any CPU
		{7245B5F3-7F1D-4661-9EF9-E9D9A0A871DE}.Release|Any CPU.Build.0 = Release|Any CPU
	EndGlobalSection
	GlobalSection(SolutionProperties) = preSolution
		HideSolutionNode = FALSE
	EndGlobalSection
	GlobalSection(ExtensibilityGlobals) = postSolution
		SolutionGuid = {2669C7E3-C235-48DC-8F9C-65B3651AB305}
	EndGlobalSection
EndGlobal
